<?xml version="1.0" encoding="utf-8"?>
<Project ToolsVersion="4.0" xmlns="http://schemas.microsoft.com/developer/msbuild/2003">
  <ItemGroup>
    <Filter Include="resources">
      <UniqueIdentifier>{202B5BA7-8C95-0F1E-D5D3-C0C3417DED72}</UniqueIdentifier>
    </Filter>
    <Filter Include="resources\shaders">
      <UniqueIdentifier>{19081037-851E-0ECD-CE95-99EE3AEBDE54}</UniqueIdentifier>
    </Filter>
    <Filter Include="src">
      <UniqueIdentifier>{2DAB880B-99B4-887C-2230-9F7C8E38947C}</UniqueIdentifier>
    </Filter>
    <Filter Include="src\Glacier">
      <UniqueIdentifier>{73F96069-DFAE-D95E-68A3-D335D457D062}</UniqueIdentifier>
    </Filter>
    <Filter Include="src\Glacier\Components">
      <UniqueIdentifier>{A830B3DD-942A-DC2F-7D97-72406930429C}</UniqueIdentifier>
    </Filter>
    <Filter Include="src\Glacier\Core">
      <UniqueIdentifier>{ABFD9E29-97F6-BD7B-C028-A300AC809D87}</UniqueIdentifier>
    </Filter>
    <Filter Include="src\Glacier\Event">
      <UniqueIdentifier>{0485A65D-709B-A4F3-B912-30152568757B}</UniqueIdentifier>
    </Filter>
    <Filter Include="src\Glacier\ImGui">
      <UniqueIdentifier>{DD78E95D-498F-E7F3-9206-7315FE5BB87B}</UniqueIdentifier>
    </Filter>
    <Filter Include="src\Glacier\Input">
      <UniqueIdentifier>{B2B3EA5D-1ECA-E8F3-6741-7415D396B97B}</UniqueIdentifier>
    </Filter>
    <Filter Include="src\Glacier\Layer">
      <UniqueIdentifier>{7F001A5E-EB16-18F4-348E-A315A0E3E87B}</UniqueIdentifier>
    </Filter>
    <Filter Include="src\Glacier\Model">
      <UniqueIdentifier>{F36C335E-5F83-31F4-A8FA-BC151450027C}</UniqueIdentifier>
    </Filter>
    <Filter Include="src\Glacier\Renderer">
      <UniqueIdentifier>{798ED383-651D-5D4D-0E3C-7148FAA96DF3}</UniqueIdentifier>
    </Filter>
    <Filter Include="src\Glacier\Renderer\Camera">
      <UniqueIdentifier>{D100F98C-3D0E-2773-C6F4-225E3201F329}</UniqueIdentifier>
    </Filter>
    <Filter Include="src\Glacier\Renderer\Shading">
      <UniqueIdentifier>{C62C370B-B2E7-26B7-5B9F-9F0147397147}</UniqueIdentifier>
    </Filter>
    <Filter Include="src\Glacier\Utils">
      <UniqueIdentifier>{1305C75E-7F1B-C5F4-C892-501634E8957C}</UniqueIdentifier>
    </Filter>
    <Filter Include="src\Glacier\Window">
      <UniqueIdentifier>{FA868D3B-E66A-4E91-4FCB-48E43BCE3813}</UniqueIdentifier>
    </Filter>
    <Filter Include="src\Platform">
      <UniqueIdentifier>{21CA02E5-0D2D-9289-B6B2-CA3FA2F45D0C}</UniqueIdentifier>
    </Filter>
    <Filter Include="src\Platform\DirectX">
      <UniqueIdentifier>{E33DFBCB-CFCC-8495-78EB-98906459953B}</UniqueIdentifier>
    </Filter>
    <Filter Include="src\Platform\DirectX\Buffer">
      <UniqueIdentifier>{6CE21816-D8EF-46FC-61D6-42E7CDE212B3}</UniqueIdentifier>
    </Filter>
    <Filter Include="src\Platform\DirectX\Camera">
      <UniqueIdentifier>{FBF40717-6702-36FD-F0E8-31E85CF501B4}</UniqueIdentifier>
    </Filter>
    <Filter Include="src\Platform\DirectX\Components">
      <UniqueIdentifier>{18CF533B-84B2-627B-8DB5-90B7F91729CC}</UniqueIdentifier>
    </Filter>
    <Filter Include="src\Platform\DirectX\Material">
      <UniqueIdentifier>{E1BBBF43-4DD4-A66D-1681-360782583B07}</UniqueIdentifier>
    </Filter>
    <Filter Include="src\Platform\DirectX\Shader">
      <UniqueIdentifier>{2990D23C-959D-0023-1E84-FC0D8A90CCD9}</UniqueIdentifier>
    </Filter>
    <Filter Include="src\Platform\DirectX\Texture">
      <UniqueIdentifier>{4396C81E-2F51-B8CA-D808-3115C4A2025B}</UniqueIdentifier>
    </Filter>
    <Filter Include="src\Platform\Windows">
      <UniqueIdentifier>{5B054582-4794-CE4B-F0B2-E246DC20DFF1}</UniqueIdentifier>
    </Filter>
    <Filter Include="vendor">
      <UniqueIdentifier>{B3738122-9F15-ACF8-88D0-BF4C74113349}</UniqueIdentifier>
    </Filter>
    <Filter Include="vendor\directxtk">
      <UniqueIdentifier>{5442D63C-403B-F58E-696D-DA1355C5D49A}</UniqueIdentifier>
    </Filter>
    <Filter Include="vendor\stb_image">
      <UniqueIdentifier>{0DA0BA59-F998-D9AB-22CB-BE300E23B9B7}</UniqueIdentifier>
    </Filter>
  </ItemGroup>
  <ItemGroup>
    <ClInclude Include="src\Glacier.h">
      <Filter>src</Filter>
    </ClInclude>
    <ClInclude Include="src\Glacier\Application.h">
      <Filter>src\Glacier</Filter>
    </ClInclude>
    <ClInclude Include="src\Glacier\Components\TransformComponent.h">
      <Filter>src\Glacier\Components</Filter>
    </ClInclude>
    <ClInclude Include="src\Glacier\Core\Core.h">
      <Filter>src\Glacier\Core</Filter>
    </ClInclude>
    <ClInclude Include="src\Glacier\Core\EntryPoint.h">
      <Filter>src\Glacier\Core</Filter>
    </ClInclude>
    <ClInclude Include="src\Glacier\Event\ApplicationEvent.h">
      <Filter>src\Glacier\Event</Filter>
    </ClInclude>
    <ClInclude Include="src\Glacier\Event\Event.h">
      <Filter>src\Glacier\Event</Filter>
    </ClInclude>
    <ClInclude Include="src\Glacier\Event\KeyboardEvent.h">
      <Filter>src\Glacier\Event</Filter>
    </ClInclude>
    <ClInclude Include="src\Glacier\Event\MouseEvent.h">
      <Filter>src\Glacier\Event</Filter>
    </ClInclude>
    <ClInclude Include="src\Glacier\ImGui\ImGuiLayer.h">
      <Filter>src\Glacier\ImGui</Filter>
    </ClInclude>
    <ClInclude Include="src\Glacier\Input\Input.h">
      <Filter>src\Glacier\Input</Filter>
    </ClInclude>
    <ClInclude Include="src\Glacier\Input\InputKeys.h">
      <Filter>src\Glacier\Input</Filter>
    </ClInclude>
    <ClInclude Include="src\Glacier\Layer\Layer.h">
      <Filter>src\Glacier\Layer</Filter>
    </ClInclude>
    <ClInclude Include="src\Glacier\Layer\LayerStack.h">
      <Filter>src\Glacier\Layer</Filter>
    </ClInclude>
    <ClInclude Include="src\Glacier\Log.h">
      <Filter>src\Glacier</Filter>
    </ClInclude>
    <ClInclude Include="src\Glacier\Mesh\Mesh.h">
      <Filter>src\Glacier\Model</Filter>
    </ClInclude>
    <ClInclude Include="src\Glacier\Mesh\MeshGenerator.h">
      <Filter>src\Glacier\Model</Filter>
    </ClInclude>
    <ClInclude Include="src\Glacier\Components\ModelComponent.h">
      <Filter>src\Glacier\Model</Filter>
    </ClInclude>
    <ClInclude Include="src\Glacier\Renderer\Buffer.h">
      <Filter>src\Glacier\Renderer</Filter>
    </ClInclude>
    <ClInclude Include="src\Glacier\Renderer\Camera\Camera.h">
      <Filter>src\Glacier\Renderer\Camera</Filter>
    </ClInclude>
    <ClInclude Include="src\Glacier\Renderer\Camera\CameraController.h">
      <Filter>src\Glacier\Renderer\Camera</Filter>
    </ClInclude>
    <ClInclude Include="src\Glacier\Renderer\GraphicsAPI.h">
      <Filter>src\Glacier\Renderer</Filter>
    </ClInclude>
    <ClInclude Include="src\Glacier\Renderer\GraphicsManager.h">
      <Filter>src\Glacier\Renderer</Filter>
    </ClInclude>
    <ClInclude Include="src\Glacier\Renderer\RenderCommand.h">
      <Filter>src\Glacier\Renderer</Filter>
    </ClInclude>
    <ClInclude Include="src\Glacier\Renderer\RenderPipelineState.h">
      <Filter>src\Glacier\Renderer</Filter>
    </ClInclude>
    <ClInclude Include="src\Glacier\Renderer\Renderer.h">
      <Filter>src\Glacier\Renderer</Filter>
    </ClInclude>
    <ClInclude Include="src\Glacier\Renderer\Shading\Material.h">
      <Filter>src\Glacier\Renderer\Shading</Filter>
    </ClInclude>
    <ClInclude Include="src\Glacier\Renderer\Shading\Shader.h">
      <Filter>src\Glacier\Renderer\Shading</Filter>
    </ClInclude>
    <ClInclude Include="src\Glacier\Renderer\Shading\Texture.h">
      <Filter>src\Glacier\Renderer\Shading</Filter>
    </ClInclude>
    <ClInclude Include="src\Glacier\Renderer\VertexLayout.h">
      <Filter>src\Glacier\Renderer</Filter>
    </ClInclude>
    <ClInclude Include="src\Glacier\Types.h">
      <Filter>src\Glacier</Filter>
    </ClInclude>
    <ClInclude Include="src\Glacier\Utils\CustomDelegate.h">
      <Filter>src\Glacier\Utils</Filter>
    </ClInclude>
    <ClInclude Include="src\Glacier\Utils\GameTimer.h">
      <Filter>src\Glacier\Utils</Filter>
    </ClInclude>
    <ClInclude Include="src\Glacier\Utils\StringEncode.h">
      <Filter>src\Glacier\Utils</Filter>
    </ClInclude>
    <ClInclude Include="src\Glacier\Window\Window.h">
      <Filter>src\Glacier\Window</Filter>
    </ClInclude>
    <ClInclude Include="src\Glacier\Renderer\ConstantBufferData.h">
      <Filter>src\Platform\DirectX\Buffer</Filter>
    </ClInclude>
    <ClInclude Include="src\Platform\DirectX\Buffer\DirectX11ConstantBuffer.h">
      <Filter>src\Platform\DirectX\Buffer</Filter>
    </ClInclude>
    <ClInclude Include="src\Platform\DirectX\Buffer\DirectX11IndexBuffer.h">
      <Filter>src\Platform\DirectX\Buffer</Filter>
    </ClInclude>
    <ClInclude Include="src\Platform\DirectX\Buffer\DirectX11VertexBuffer.h">
      <Filter>src\Platform\DirectX\Buffer</Filter>
    </ClInclude>
    <ClInclude Include="src\Platform\DirectX\DirectX11Common.h">
      <Filter>src\Platform\DirectX</Filter>
    </ClInclude>
    <ClInclude Include="src\Platform\DirectX\DirectX11Device.h">
      <Filter>src\Platform\DirectX</Filter>
    </ClInclude>
    <ClInclude Include="src\Platform\DirectX\DirectX11GraphicsAPI.h">
      <Filter>src\Platform\DirectX</Filter>
    </ClInclude>
    <ClInclude Include="src\Platform\DirectX\DirectX11InputLayout.h">
      <Filter>src\Platform\DirectX</Filter>
    </ClInclude>
    <ClInclude Include="src\Platform\DirectX\DirectX11Manager.h">
      <Filter>src\Platform\DirectX</Filter>
    </ClInclude>
    <ClInclude Include="src\Platform\DirectX\DirectX11PipelineState.h">
      <Filter>src\Platform\DirectX</Filter>
    </ClInclude>
    <ClInclude Include="src\Platform\DirectX\DirectX11RenderContext.h">
      <Filter>src\Platform\DirectX</Filter>
    </ClInclude>
    <ClInclude Include="src\Platform\DirectX\Material\DirectX11Material.h">
      <Filter>src\Platform\DirectX\Material</Filter>
    </ClInclude>
    <ClInclude Include="src\Platform\DirectX\Shader\DirectX11PixelShader.h">
      <Filter>src\Platform\DirectX\Shader</Filter>
    </ClInclude>
    <ClInclude Include="src\Platform\DirectX\Shader\DirectX11VertexShader.h">
      <Filter>src\Platform\DirectX\Shader</Filter>
    </ClInclude>
    <ClInclude Include="src\Platform\DirectX\Texture\DirectX11Texture2D.h">
      <Filter>src\Platform\DirectX\Texture</Filter>
    </ClInclude>
    <ClInclude Include="src\Platform\Windows\WindowsHeaders.h">
      <Filter>src\Platform\Windows</Filter>
    </ClInclude>
    <ClInclude Include="src\Platform\Windows\WindowsInput.h">
      <Filter>src\Platform\Windows</Filter>
    </ClInclude>
    <ClInclude Include="src\Platform\Windows\WindowsWindow.h">
      <Filter>src\Platform\Windows</Filter>
    </ClInclude>
    <ClInclude Include="src\pch.h">
      <Filter>src</Filter>
    </ClInclude>
    <ClInclude Include="vendor\directxtk\SimpleMath.h">
      <Filter>vendor\directxtk</Filter>
    </ClInclude>
    <ClInclude Include="vendor\directxtk\SimpleMath.inl">
      <Filter>vendor\directxtk</Filter>
    </ClInclude>
    <ClInclude Include="vendor\stb_image\stb_c_lexer.h">
      <Filter>vendor\stb_image</Filter>
    </ClInclude>
    <ClInclude Include="vendor\stb_image\stb_connected_components.h">
      <Filter>vendor\stb_image</Filter>
    </ClInclude>
    <ClInclude Include="vendor\stb_image\stb_divide.h">
      <Filter>vendor\stb_image</Filter>
    </ClInclude>
    <ClInclude Include="vendor\stb_image\stb_ds.h">
      <Filter>vendor\stb_image</Filter>
    </ClInclude>
    <ClInclude Include="vendor\stb_image\stb_dxt.h">
      <Filter>vendor\stb_image</Filter>
    </ClInclude>
    <ClInclude Include="vendor\stb_image\stb_easy_font.h">
      <Filter>vendor\stb_image</Filter>
    </ClInclude>
    <ClInclude Include="vendor\stb_image\stb_herringbone_wang_tile.h">
      <Filter>vendor\stb_image</Filter>
    </ClInclude>
    <ClInclude Include="vendor\stb_image\stb_hexwave.h">
      <Filter>vendor\stb_image</Filter>
    </ClInclude>
    <ClInclude Include="vendor\stb_image\stb_image.h">
      <Filter>vendor\stb_image</Filter>
    </ClInclude>
    <ClInclude Include="vendor\stb_image\stb_image_resize.h">
      <Filter>vendor\stb_image</Filter>
    </ClInclude>
    <ClInclude Include="vendor\stb_image\stb_image_write.h">
      <Filter>vendor\stb_image</Filter>
    </ClInclude>
    <ClInclude Include="vendor\stb_image\stb_include.h">
      <Filter>vendor\stb_image</Filter>
    </ClInclude>
    <ClInclude Include="vendor\stb_image\stb_leakcheck.h">
      <Filter>vendor\stb_image</Filter>
    </ClInclude>
    <ClInclude Include="vendor\stb_image\stb_perlin.h">
      <Filter>vendor\stb_image</Filter>
    </ClInclude>
    <ClInclude Include="vendor\stb_image\stb_rect_pack.h">
      <Filter>vendor\stb_image</Filter>
    </ClInclude>
    <ClInclude Include="vendor\stb_image\stb_sprintf.h">
      <Filter>vendor\stb_image</Filter>
    </ClInclude>
    <ClInclude Include="vendor\stb_image\stb_textedit.h">
      <Filter>vendor\stb_image</Filter>
    </ClInclude>
    <ClInclude Include="vendor\stb_image\stb_tilemap_editor.h">
      <Filter>vendor\stb_image</Filter>
    </ClInclude>
    <ClInclude Include="vendor\stb_image\stb_truetype.h">
      <Filter>vendor\stb_image</Filter>
    </ClInclude>
    <ClInclude Include="vendor\stb_image\stb_voxel_render.h">
      <Filter>vendor\stb_image</Filter>
    </ClInclude>
    <ClInclude Include="src\Glacier\Components\BaseComponent.h" />
    <ClInclude Include="src\Glacier\Object\Object.h" />
  </ItemGroup>
  <ItemGroup>
    <ClCompile Include="src\Glacier\Application.cpp">
      <Filter>src\Glacier</Filter>
    </ClCompile>
    <ClCompile Include="src\Glacier\Components\TransformComponent.cpp">
      <Filter>src\Glacier\Components</Filter>
    </ClCompile>
    <ClCompile Include="src\Glacier\ImGui\ImGuiBuild.cpp">
      <Filter>src\Glacier\ImGui</Filter>
    </ClCompile>
    <ClCompile Include="src\Glacier\ImGui\ImGuiLayer.cpp">
      <Filter>src\Glacier\ImGui</Filter>
    </ClCompile>
    <ClCompile Include="src\Glacier\Layer\Layer.cpp">
      <Filter>src\Glacier\Layer</Filter>
    </ClCompile>
    <ClCompile Include="src\Glacier\Layer\LayerStack.cpp">
      <Filter>src\Glacier\Layer</Filter>
    </ClCompile>
    <ClCompile Include="src\Glacier\Log.cpp">
      <Filter>src\Glacier</Filter>
    </ClCompile>
    <ClCompile Include="src\Glacier\Mesh\Mesh.cpp">
      <Filter>src\Glacier\Model</Filter>
    </ClCompile>
    <ClCompile Include="src\Glacier\Mesh\MeshGenerator.cpp">
      <Filter>src\Glacier\Model</Filter>
    </ClCompile>
    <ClCompile Include="src\Glacier\Components\ModelComponent.cpp">
      <Filter>src\Glacier\Model</Filter>
    </ClCompile>
    <ClCompile Include="src\Glacier\Renderer\Buffer.cpp">
      <Filter>src\Glacier\Renderer</Filter>
    </ClCompile>
    <ClCompile Include="src\Glacier\Renderer\Camera\Camera.cpp">
      <Filter>src\Glacier\Renderer\Camera</Filter>
    </ClCompile>
    <ClCompile Include="src\Glacier\Renderer\Camera\CameraController.cpp">
      <Filter>src\Glacier\Renderer\Camera</Filter>
    </ClCompile>
    <ClCompile Include="src\Glacier\Renderer\GraphicsAPI.cpp">
      <Filter>src\Glacier\Renderer</Filter>
    </ClCompile>
    <ClCompile Include="src\Glacier\Renderer\RenderCommand.cpp">
      <Filter>src\Glacier\Renderer</Filter>
    </ClCompile>
    <ClCompile Include="src\Glacier\Renderer\RenderPipelineState.cpp">
      <Filter>src\Glacier\Renderer</Filter>
    </ClCompile>
    <ClCompile Include="src\Glacier\Renderer\Renderer.cpp">
      <Filter>src\Glacier\Renderer</Filter>
    </ClCompile>
    <ClCompile Include="src\Glacier\Renderer\Shading\Material.cpp">
      <Filter>src\Glacier\Renderer\Shading</Filter>
    </ClCompile>
    <ClCompile Include="src\Glacier\Renderer\Shading\Shader.cpp">
      <Filter>src\Glacier\Renderer\Shading</Filter>
    </ClCompile>
    <ClCompile Include="src\Glacier\Renderer\Shading\Texture.cpp">
      <Filter>src\Glacier\Renderer\Shading</Filter>
    </ClCompile>
    <ClCompile Include="src\Glacier\Renderer\VertexLayout.cpp">
      <Filter>src\Glacier\Renderer</Filter>
    </ClCompile>
    <ClCompile Include="src\Glacier\Utils\CustomDelegate.cpp">
      <Filter>src\Glacier\Utils</Filter>
    </ClCompile>
    <ClCompile Include="src\Glacier\Utils\GameTimer.cpp">
      <Filter>src\Glacier\Utils</Filter>
    </ClCompile>
    <ClCompile Include="src\Platform\DirectX\Buffer\DirectX11ConstantBuffer.cpp">
      <Filter>src\Platform\DirectX\Buffer</Filter>
    </ClCompile>
    <ClCompile Include="src\Platform\DirectX\Buffer\DirectX11IndexBuffer.cpp">
      <Filter>src\Platform\DirectX\Buffer</Filter>
    </ClCompile>
    <ClCompile Include="src\Platform\DirectX\Buffer\DirectX11VertexBuffer.cpp">
      <Filter>src\Platform\DirectX\Buffer</Filter>
    </ClCompile>
    <ClCompile Include="src\Platform\DirectX\DirectX11Common.cpp">
      <Filter>src\Platform\DirectX</Filter>
    </ClCompile>
    <ClCompile Include="src\Platform\DirectX\DirectX11Device.cpp">
      <Filter>src\Platform\DirectX</Filter>
    </ClCompile>
    <ClCompile Include="src\Platform\DirectX\DirectX11GraphicsAPI.cpp">
      <Filter>src\Platform\DirectX</Filter>
    </ClCompile>
    <ClCompile Include="src\Platform\DirectX\DirectX11InputLayout.cpp">
      <Filter>src\Platform\DirectX</Filter>
    </ClCompile>
    <ClCompile Include="src\Platform\DirectX\DirectX11Manager.cpp">
      <Filter>src\Platform\DirectX</Filter>
    </ClCompile>
    <ClCompile Include="src\Platform\DirectX\DirectX11PipelineState.cpp">
      <Filter>src\Platform\DirectX</Filter>
    </ClCompile>
    <ClCompile Include="src\Platform\DirectX\DirectX11RenderContext.cpp">
      <Filter>src\Platform\DirectX</Filter>
    </ClCompile>
    <ClCompile Include="src\Platform\DirectX\Material\DirectX11Material.cpp">
      <Filter>src\Platform\DirectX\Material</Filter>
    </ClCompile>
    <ClCompile Include="src\Platform\DirectX\Shader\DirectX11PixelShader.cpp">
      <Filter>src\Platform\DirectX\Shader</Filter>
    </ClCompile>
    <ClCompile Include="src\Platform\DirectX\Shader\DirectX11VertexShader.cpp">
      <Filter>src\Platform\DirectX\Shader</Filter>
    </ClCompile>
    <ClCompile Include="src\Platform\DirectX\Texture\DirectX11Texture2D.cpp">
      <Filter>src\Platform\DirectX\Texture</Filter>
    </ClCompile>
    <ClCompile Include="src\Platform\Windows\WindowsInput.cpp">
      <Filter>src\Platform\Windows</Filter>
    </ClCompile>
    <ClCompile Include="src\Platform\Windows\WindowsWindow.cpp">
      <Filter>src\Platform\Windows</Filter>
    </ClCompile>
    <ClCompile Include="src\pch.cpp">
      <Filter>src</Filter>
    </ClCompile>
    <ClCompile Include="vendor\stb_image\stb_image.cpp">
      <Filter>vendor\stb_image</Filter>
    </ClCompile>
    <ClCompile Include="src\Glacier\Object\Object.cpp" />
  </ItemGroup>
  <ItemGroup>
    <FxCompile Include="resources\shaders\TextureSample_PS.hlsl">
      <Filter>resources\shaders</Filter>
    </FxCompile>
    <FxCompile Include="resources\shaders\TextureSample_VS.hlsl">
      <Filter>resources\shaders</Filter>
    </FxCompile>
    <FxCompile Include="resources\shaders\VertexColor_PS.hlsl">
      <Filter>resources\shaders</Filter>
    </FxCompile>
    <FxCompile Include="resources\shaders\VertexColor_VS.hlsl">
      <Filter>resources\shaders</Filter>
    </FxCompile>
  </ItemGroup>
</Project>